PODS:
  - Alamofire (4.5.0)
  - Kingfisher (3.10.4)
  - RxCocoa (3.6.1):
    - RxSwift (~> 3.6)
  - RxCoreData (0.3.1):
    - RxCocoa (~> 3.0)
    - RxSwift (~> 3.0)
  - RxDataSources (1.0.4):
    - RxCocoa (~> 3.0)
    - RxSwift (~> 3.0)
  - RxSwift (3.6.1)
  - SDWebImage (4.1.0):
    - SDWebImage/Core (= 4.1.0)
  - SDWebImage/Core (4.1.0)
  - SwiftyJSON (3.1.4)

DEPENDENCIES:
  - Alamofire
  - Kingfisher
  - RxCocoa
  - RxCoreData
  - RxDataSources
  - RxSwift
  - SDWebImage
  - SwiftyJSON

SPEC CHECKSUMS:
  Alamofire: f28cdffd29de33a7bfa022cbd63ae95a27fae140
  Kingfisher: dc3a4983e86d2dfa89513664983a82340c11a289
  RxCocoa: 84a08739ab186248c7f31ce4ee92d6f8a947d690
  RxCoreData: e8fbeaee6eab8b900a22ff4a677f099987adb429
  RxDataSources: b3389acc5fe2eefb8fcd81a2b76a876ad08bc82a
  RxSwift: f9de85ea20cd2f7716ee5409fc13523dc638e4e4
  SDWebImage: 0e435c14e402a6730315a0fb79f95e68654d55a4
  SwiftyJSON: c2842d878f95482ffceec5709abc3d05680c0220

PODFILE CHECKSUM: ce36fd9c84c428a9bf4b02a1f1489cef7f3d5c9e

COCOAPODS: 1.3.1
