// !$*UTF8*$!
{
	archiveVersion = 1;
	classes = {
	};
	objectVersion = 46;
	objects = {

/* Begin PBXBuildFile section */
		300939A51731F8BE3890AD8E /* Pods_IVYRxPhotosTests.framework in Frameworks */ = {isa = PBXBuildFile; fileRef = 7B531D26269D7EE24D6059C1 /* Pods_IVYRxPhotosTests.framework */; };
		9622DAE21F60B6C200D6AE3D /* AppDelegate.swift in Sources */ = {isa = PBXBuildFile; fileRef = 9622DAE11F60B6C200D6AE3D /* AppDelegate.swift */; };
		9622DAE71F60B6C200D6AE3D /* Main.storyboard in Resources */ = {isa = PBXBuildFile; fileRef = 9622DAE51F60B6C200D6AE3D /* Main.storyboard */; };
		9622DAEA1F60B6C200D6AE3D /* IVYRxPhotos.xcdatamodeld in Sources */ = {isa = PBXBuildFile; fileRef = 9622DAE81F60B6C200D6AE3D /* IVYRxPhotos.xcdatamodeld */; };
		9622DAEC1F60B6C200D6AE3D /* Assets.xcassets in Resources */ = {isa = PBXBuildFile; fileRef = 9622DAEB1F60B6C200D6AE3D /* Assets.xcassets */; };
		9622DAEF1F60B6C200D6AE3D /* LaunchScreen.storyboard in Resources */ = {isa = PBXBuildFile; fileRef = 9622DAED1F60B6C200D6AE3D /* LaunchScreen.storyboard */; };
		9622DAFA1F60B6C200D6AE3D /* IVYRxPhotosTests.swift in Sources */ = {isa = PBXBuildFile; fileRef = 9622DAF91F60B6C200D6AE3D /* IVYRxPhotosTests.swift */; };
		9622DB071F60B93400D6AE3D /* Photo.swift in Sources */ = {isa = PBXBuildFile; fileRef = 9622DB061F60B93400D6AE3D /* Photo.swift */; };
		9622DB0C1F60BB9800D6AE3D /* SearchViewController.swift in Sources */ = {isa = PBXBuildFile; fileRef = 9622DB0B1F60BB9800D6AE3D /* SearchViewController.swift */; };
		9622DB0E1F60BF0600D6AE3D /* SearchViewModel.swift in Sources */ = {isa = PBXBuildFile; fileRef = 9622DB0D1F60BF0600D6AE3D /* SearchViewModel.swift */; };
		9622DB171F60C81B00D6AE3D /* PhotoTableViewCell.swift in Sources */ = {isa = PBXBuildFile; fileRef = 9622DB151F60C81B00D6AE3D /* PhotoTableViewCell.swift */; };
		9622DB181F60C81B00D6AE3D /* PhotoTableViewCell.xib in Resources */ = {isa = PBXBuildFile; fileRef = 9622DB161F60C81B00D6AE3D /* PhotoTableViewCell.xib */; };
		CD17EB72CAF5FABC84FD2D50 /* Pods_IVYRxPhotos.framework in Frameworks */ = {isa = PBXBuildFile; fileRef = 768E36C7B27B4192F30C9DDE /* Pods_IVYRxPhotos.framework */; };
/* End PBXBuildFile section */

/* Begin PBXContainerItemProxy section */
		9622DAF61F60B6C200D6AE3D /* PBXContainerItemProxy */ = {
			isa = PBXContainerItemProxy;
			containerPortal = 9622DAD61F60B6C200D6AE3D /* Project object */;
			proxyType = 1;
			remoteGlobalIDString = 9622DADD1F60B6C200D6AE3D;
			remoteInfo = IVYRxPhotos;
		};
/* End PBXContainerItemProxy section */

/* Begin PBXFileReference section */
		751BC1AC58F488615106A0D7 /* Pods-IVYRxPhotosTests.debug.xcconfig */ = {isa = PBXFileReference; includeInIndex = 1; lastKnownFileType = text.xcconfig; name = "Pods-IVYRxPhotosTests.debug.xcconfig"; path = "Pods/Target Support Files/Pods-IVYRxPhotosTests/Pods-IVYRxPhotosTests.debug.xcconfig"; sourceTree = "<group>"; };
		768E36C7B27B4192F30C9DDE /* Pods_IVYRxPhotos.framework */ = {isa = PBXFileReference; explicitFileType = wrapper.framework; includeInIndex = 0; path = Pods_IVYRxPhotos.framework; sourceTree = BUILT_PRODUCTS_DIR; };
		7B531D26269D7EE24D6059C1 /* Pods_IVYRxPhotosTests.framework */ = {isa = PBXFileReference; explicitFileType = wrapper.framework; includeInIndex = 0; path = Pods_IVYRxPhotosTests.framework; sourceTree = BUILT_PRODUCTS_DIR; };
		8BDDE37D56345D4BA30884FC /* Pods-IVYRxPhotos.release.xcconfig */ = {isa = PBXFileReference; includeInIndex = 1; lastKnownFileType = text.xcconfig; name = "Pods-IVYRxPhotos.release.xcconfig"; path = "Pods/Target Support Files/Pods-IVYRxPhotos/Pods-IVYRxPhotos.release.xcconfig"; sourceTree = "<group>"; };
		9622DADE1F60B6C200D6AE3D /* IVYRxPhotos.app */ = {isa = PBXFileReference; explicitFileType = wrapper.application; includeInIndex = 0; path = IVYRxPhotos.app; sourceTree = BUILT_PRODUCTS_DIR; };
		9622DAE11F60B6C200D6AE3D /* AppDelegate.swift */ = {isa = PBXFileReference; lastKnownFileType = sourcecode.swift; path = AppDelegate.swift; sourceTree = "<group>"; };
		9622DAE61F60B6C200D6AE3D /* Base */ = {isa = PBXFileReference; lastKnownFileType = file.storyboard; name = Base; path = Base.lproj/Main.storyboard; sourceTree = "<group>"; };
		9622DAE91F60B6C200D6AE3D /* IVYRxPhotos.xcdatamodel */ = {isa = PBXFileReference; lastKnownFileType = wrapper.xcdatamodel; path = IVYRxPhotos.xcdatamodel; sourceTree = "<group>"; };
		9622DAEB1F60B6C200D6AE3D /* Assets.xcassets */ = {isa = PBXFileReference; lastKnownFileType = folder.assetcatalog; path = Assets.xcassets; sourceTree = "<group>"; };
		9622DAEE1F60B6C200D6AE3D /* Base */ = {isa = PBXFileReference; lastKnownFileType = file.storyboard; name = Base; path = Base.lproj/LaunchScreen.storyboard; sourceTree = "<group>"; };
		9622DAF01F60B6C200D6AE3D /* Info.plist */ = {isa = PBXFileReference; lastKnownFileType = text.plist.xml; path = Info.plist; sourceTree = "<group>"; };
		9622DAF51F60B6C200D6AE3D /* IVYRxPhotosTests.xctest */ = {isa = PBXFileReference; explicitFileType = wrapper.cfbundle; includeInIndex = 0; path = IVYRxPhotosTests.xctest; sourceTree = BUILT_PRODUCTS_DIR; };
		9622DAF91F60B6C200D6AE3D /* IVYRxPhotosTests.swift */ = {isa = PBXFileReference; lastKnownFileType = sourcecode.swift; path = IVYRxPhotosTests.swift; sourceTree = "<group>"; };
		9622DAFB1F60B6C200D6AE3D /* Info.plist */ = {isa = PBXFileReference; lastKnownFileType = text.plist.xml; path = Info.plist; sourceTree = "<group>"; };
		9622DB061F60B93400D6AE3D /* Photo.swift */ = {isa = PBXFileReference; fileEncoding = 4; lastKnownFileType = sourcecode.swift; path = Photo.swift; sourceTree = "<group>"; };
		9622DB0B1F60BB9800D6AE3D /* SearchViewController.swift */ = {isa = PBXFileReference; fileEncoding = 4; lastKnownFileType = sourcecode.swift; path = SearchViewController.swift; sourceTree = "<group>"; };
		9622DB0D1F60BF0600D6AE3D /* SearchViewModel.swift */ = {isa = PBXFileReference; fileEncoding = 4; lastKnownFileType = sourcecode.swift; path = SearchViewModel.swift; sourceTree = "<group>"; };
		9622DB151F60C81B00D6AE3D /* PhotoTableViewCell.swift */ = {isa = PBXFileReference; fileEncoding = 4; lastKnownFileType = sourcecode.swift; path = PhotoTableViewCell.swift; sourceTree = "<group>"; };
		9622DB161F60C81B00D6AE3D /* PhotoTableViewCell.xib */ = {isa = PBXFileReference; fileEncoding = 4; lastKnownFileType = file.xib; path = PhotoTableViewCell.xib; sourceTree = "<group>"; };
		9CB353A85C1AC49892CA4FFF /* Pods-IVYRxPhotosTests.release.xcconfig */ = {isa = PBXFileReference; includeInIndex = 1; lastKnownFileType = text.xcconfig; name = "Pods-IVYRxPhotosTests.release.xcconfig"; path = "Pods/Target Support Files/Pods-IVYRxPhotosTests/Pods-IVYRxPhotosTests.release.xcconfig"; sourceTree = "<group>"; };
		DFD8A075053AF94B6E589431 /* Pods-IVYRxPhotos.debug.xcconfig */ = {isa = PBXFileReference; includeInIndex = 1; lastKnownFileType = text.xcconfig; name = "Pods-IVYRxPhotos.debug.xcconfig"; path = "Pods/Target Support Files/Pods-IVYRxPhotos/Pods-IVYRxPhotos.debug.xcconfig"; sourceTree = "<group>"; };
/* End PBXFileReference section */

/* Begin PBXFrameworksBuildPhase section */
		9622DADB1F60B6C200D6AE3D /* Frameworks */ = {
			isa = PBXFrameworksBuildPhase;
			buildActionMask = 2147483647;
			files = (
				CD17EB72CAF5FABC84FD2D50 /* Pods_IVYRxPhotos.framework in Frameworks */,
			);
			runOnlyForDeploymentPostprocessing = 0;
		};
		9622DAF21F60B6C200D6AE3D /* Frameworks */ = {
			isa = PBXFrameworksBuildPhase;
			buildActionMask = 2147483647;
			files = (
				300939A51731F8BE3890AD8E /* Pods_IVYRxPhotosTests.framework in Frameworks */,
			);
			runOnlyForDeploymentPostprocessing = 0;
		};
/* End PBXFrameworksBuildPhase section */

/* Begin PBXGroup section */
		4C08583B3C466F8EF56C3D29 /* Frameworks */ = {
			isa = PBXGroup;
			children = (
				768E36C7B27B4192F30C9DDE /* Pods_IVYRxPhotos.framework */,
				7B531D26269D7EE24D6059C1 /* Pods_IVYRxPhotosTests.framework */,
			);
			name = Frameworks;
			sourceTree = "<group>";
		};
		9622DAD51F60B6C200D6AE3D = {
			isa = PBXGroup;
			children = (
				9622DAE01F60B6C200D6AE3D /* IVYRxPhotos */,
				9622DAF81F60B6C200D6AE3D /* IVYRxPhotosTests */,
				9622DADF1F60B6C200D6AE3D /* Products */,
				D7BCD3F3C00B7A003F5A1667 /* Pods */,
				4C08583B3C466F8EF56C3D29 /* Frameworks */,
			);
			sourceTree = "<group>";
		};
		9622DADF1F60B6C200D6AE3D /* Products */ = {
			isa = PBXGroup;
			children = (
				9622DADE1F60B6C200D6AE3D /* IVYRxPhotos.app */,
				9622DAF51F60B6C200D6AE3D /* IVYRxPhotosTests.xctest */,
			);
			name = Products;
			sourceTree = "<group>";
		};
		9622DAE01F60B6C200D6AE3D /* IVYRxPhotos */ = {
			isa = PBXGroup;
			children = (
				9622DB081F60B9D300D6AE3D /* Model */,
				9622DB0F1F60C39A00D6AE3D /* ViewModel */,
				9622DB041F60B8F800D6AE3D /* View */,
				9622DB051F60B90900D6AE3D /* Controller */,
				9622DB091F60B9DD00D6AE3D /* Cache */,
				9622DB0A1F60BA3400D6AE3D /* Supporting Files */,
				9622DB141F60C75800D6AE3D /* TableView Cells */,
			);
			path = IVYRxPhotos;
			sourceTree = "<group>";
		};
		9622DAF81F60B6C200D6AE3D /* IVYRxPhotosTests */ = {
			isa = PBXGroup;
			children = (
				9622DAF91F60B6C200D6AE3D /* IVYRxPhotosTests.swift */,
				9622DAFB1F60B6C200D6AE3D /* Info.plist */,
			);
			path = IVYRxPhotosTests;
			sourceTree = "<group>";
		};
		9622DB041F60B8F800D6AE3D /* View */ = {
			isa = PBXGroup;
			children = (
				9622DAE51F60B6C200D6AE3D /* Main.storyboard */,
				9622DAED1F60B6C200D6AE3D /* LaunchScreen.storyboard */,
			);
			name = View;
			sourceTree = "<group>";
		};
		9622DB051F60B90900D6AE3D /* Controller */ = {
			isa = PBXGroup;
			children = (
				9622DB0B1F60BB9800D6AE3D /* SearchViewController.swift */,
			);
			name = Controller;
			sourceTree = "<group>";
		};
		9622DB081F60B9D300D6AE3D /* Model */ = {
			isa = PBXGroup;
			children = (
				9622DB061F60B93400D6AE3D /* Photo.swift */,
			);
			name = Model;
			sourceTree = "<group>";
		};
		9622DB091F60B9DD00D6AE3D /* Cache */ = {
			isa = PBXGroup;
			children = (
				9622DAE81F60B6C200D6AE3D /* IVYRxPhotos.xcdatamodeld */,
			);
			name = Cache;
			sourceTree = "<group>";
		};
		9622DB0A1F60BA3400D6AE3D /* Supporting Files */ = {
			isa = PBXGroup;
			children = (
				9622DAE11F60B6C200D6AE3D /* AppDelegate.swift */,
				9622DAEB1F60B6C200D6AE3D /* Assets.xcassets */,
				9622DAF01F60B6C200D6AE3D /* Info.plist */,
			);
			name = "Supporting Files";
			sourceTree = "<group>";
		};
		9622DB0F1F60C39A00D6AE3D /* ViewModel */ = {
			isa = PBXGroup;
			children = (
				9622DB0D1F60BF0600D6AE3D /* SearchViewModel.swift */,
			);
			name = ViewModel;
			sourceTree = "<group>";
		};
		9622DB141F60C75800D6AE3D /* TableView Cells */ = {
			isa = PBXGroup;
			children = (
				9622DB151F60C81B00D6AE3D /* PhotoTableViewCell.swift */,
				9622DB161F60C81B00D6AE3D /* PhotoTableViewCell.xib */,
			);
			name = "TableView Cells";
			sourceTree = "<group>";
		};
		D7BCD3F3C00B7A003F5A1667 /* Pods */ = {
			isa = PBXGroup;
			children = (
				DFD8A075053AF94B6E589431 /* Pods-IVYRxPhotos.debug.xcconfig */,
				8BDDE37D56345D4BA30884FC /* Pods-IVYRxPhotos.release.xcconfig */,
				751BC1AC58F488615106A0D7 /* Pods-IVYRxPhotosTests.debug.xcconfig */,
				9CB353A85C1AC49892CA4FFF /* Pods-IVYRxPhotosTests.release.xcconfig */,
			);
			name = Pods;
			sourceTree = "<group>";
		};
/* End PBXGroup section */

/* Begin PBXNativeTarget section */
		9622DADD1F60B6C200D6AE3D /* IVYRxPhotos */ = {
			isa = PBXNativeTarget;
			buildConfigurationList = 9622DAFE1F60B6C200D6AE3D /* Build configuration list for PBXNativeTarget "IVYRxPhotos" */;
			buildPhases = (
				ECC9E848E9F816F5F08CF291 /* [CP] Check Pods Manifest.lock */,
				9622DADA1F60B6C200D6AE3D /* Sources */,
				9622DADB1F60B6C200D6AE3D /* Frameworks */,
				9622DADC1F60B6C200D6AE3D /* Resources */,
				02CD21AEF1321584706BD8D9 /* [CP] Embed Pods Frameworks */,
				0B3B22D813B61A73BFB9E670 /* [CP] Copy Pods Resources */,
			);
			buildRules = (
			);
			dependencies = (
			);
			name = IVYRxPhotos;
			productName = IVYRxPhotos;
			productReference = 9622DADE1F60B6C200D6AE3D /* IVYRxPhotos.app */;
			productType = "com.apple.product-type.application";
		};
		9622DAF41F60B6C200D6AE3D /* IVYRxPhotosTests */ = {
			isa = PBXNativeTarget;
			buildConfigurationList = 9622DB011F60B6C200D6AE3D /* Build configuration list for PBXNativeTarget "IVYRxPhotosTests" */;
			buildPhases = (
				6CB75F83FF5A817624C17F40 /* [CP] Check Pods Manifest.lock */,
				9622DAF11F60B6C200D6AE3D /* Sources */,
				9622DAF21F60B6C200D6AE3D /* Frameworks */,
				9622DAF31F60B6C200D6AE3D /* Resources */,
				1D16611B726F815E5A757729 /* [CP] Embed Pods Frameworks */,
				F22276B914352A47F933602C /* [CP] Copy Pods Resources */,
			);
			buildRules = (
			);
			dependencies = (
				9622DAF71F60B6C200D6AE3D /* PBXTargetDependency */,
			);
			name = IVYRxPhotosTests;
			productName = IVYRxPhotosTests;
			productReference = 9622DAF51F60B6C200D6AE3D /* IVYRxPhotosTests.xctest */;
			productType = "com.apple.product-type.bundle.unit-test";
		};
/* End PBXNativeTarget section */

/* Begin PBXProject section */
		9622DAD61F60B6C200D6AE3D /* Project object */ = {
			isa = PBXProject;
			attributes = {
				LastSwiftUpdateCheck = 0830;
				LastUpgradeCheck = 0830;
				ORGANIZATIONNAME = "Lauren Nicole Roth";
				TargetAttributes = {
					9622DADD1F60B6C200D6AE3D = {
						CreatedOnToolsVersion = 8.3.3;
						DevelopmentTeam = K8HU92W3ZM;
						ProvisioningStyle = Automatic;
					};
					9622DAF41F60B6C200D6AE3D = {
						CreatedOnToolsVersion = 8.3.3;
						DevelopmentTeam = K8HU92W3ZM;
						ProvisioningStyle = Automatic;
						TestTargetID = 9622DADD1F60B6C200D6AE3D;
					};
				};
			};
			buildConfigurationList = 9622DAD91F60B6C200D6AE3D /* Build configuration list for PBXProject "IVYRxPhotos" */;
			compatibilityVersion = "Xcode 3.2";
			developmentRegion = English;
			hasScannedForEncodings = 0;
			knownRegions = (
				en,
				Base,
			);
			mainGroup = 9622DAD51F60B6C200D6AE3D;
			productRefGroup = 9622DADF1F60B6C200D6AE3D /* Products */;
			projectDirPath = "";
			projectRoot = "";
			targets = (
				9622DADD1F60B6C200D6AE3D /* IVYRxPhotos */,
				9622DAF41F60B6C200D6AE3D /* IVYRxPhotosTests */,
			);
		};
/* End PBXProject section */

/* Begin PBXResourcesBuildPhase section */
		9622DADC1F60B6C200D6AE3D /* Resources */ = {
			isa = PBXResourcesBuildPhase;
			buildActionMask = 2147483647;
			files = (
				9622DB181F60C81B00D6AE3D /* PhotoTableViewCell.xib in Resources */,
				9622DAEF1F60B6C200D6AE3D /* LaunchScreen.storyboard in Resources */,
				9622DAEC1F60B6C200D6AE3D /* Assets.xcassets in Resources */,
				9622DAE71F60B6C200D6AE3D /* Main.storyboard in Resources */,
			);
			runOnlyForDeploymentPostprocessing = 0;
		};
		9622DAF31F60B6C200D6AE3D /* Resources */ = {
			isa = PBXResourcesBuildPhase;
			buildActionMask = 2147483647;
			files = (
			);
			runOnlyForDeploymentPostprocessing = 0;
		};
/* End PBXResourcesBuildPhase section */

/* Begin PBXShellScriptBuildPhase section */
		02CD21AEF1321584706BD8D9 /* [CP] Embed Pods Frameworks */ = {
			isa = PBXShellScriptBuildPhase;
			buildActionMask = 2147483647;
			files = (
			);
			inputPaths = (
				"${SRCROOT}/Pods/Target Support Files/Pods-IVYRxPhotos/Pods-IVYRxPhotos-frameworks.sh",
				"${BUILT_PRODUCTS_DIR}/Alamofire/Alamofire.framework",
				"${BUILT_PRODUCTS_DIR}/Kingfisher/Kingfisher.framework",
				"${BUILT_PRODUCTS_DIR}/RxCocoa/RxCocoa.framework",
				"${BUILT_PRODUCTS_DIR}/RxSwift/RxSwift.framework",
				"${BUILT_PRODUCTS_DIR}/SDWebImage/SDWebImage.framework",
				"${BUILT_PRODUCTS_DIR}/SwiftyJSON/SwiftyJSON.framework",
			);
			name = "[CP] Embed Pods Frameworks";
			outputPaths = (
				"${TARGET_BUILD_DIR}/${FRAMEWORKS_FOLDER_PATH}/Alamofire.framework",
				"${TARGET_BUILD_DIR}/${FRAMEWORKS_FOLDER_PATH}/Kingfisher.framework",
				"${TARGET_BUILD_DIR}/${FRAMEWORKS_FOLDER_PATH}/RxCocoa.framework",
				"${TARGET_BUILD_DIR}/${FRAMEWORKS_FOLDER_PATH}/RxSwift.framework",
				"${TARGET_BUILD_DIR}/${FRAMEWORKS_FOLDER_PATH}/SDWebImage.framework",
				"${TARGET_BUILD_DIR}/${FRAMEWORKS_FOLDER_PATH}/SwiftyJSON.framework",
			);
			runOnlyForDeploymentPostprocessing = 0;
			shellPath = /bin/sh;
			shellScript = "\"${SRCROOT}/Pods/Target Support Files/Pods-IVYRxPhotos/Pods-IVYRxPhotos-frameworks.sh\"\n";
			showEnvVarsInLog = 0;
		};
		0B3B22D813B61A73BFB9E670 /* [CP] Copy Pods Resources */ = {
			isa = PBXShellScriptBuildPhase;
			buildActionMask = 2147483647;
			files = (
			);
			inputPaths = (
			);
			name = "[CP] Copy Pods Resources";
			outputPaths = (
			);
			runOnlyForDeploymentPostprocessing = 0;
			shellPath = /bin/sh;
			shellScript = "\"${SRCROOT}/Pods/Target Support Files/Pods-IVYRxPhotos/Pods-IVYRxPhotos-resources.sh\"\n";
			showEnvVarsInLog = 0;
		};
		1D16611B726F815E5A757729 /* [CP] Embed Pods Frameworks */ = {
			isa = PBXShellScriptBuildPhase;
			buildActionMask = 2147483647;
			files = (
			);
			inputPaths = (
			);
			name = "[CP] Embed Pods Frameworks";
			outputPaths = (
			);
			runOnlyForDeploymentPostprocessing = 0;
			shellPath = /bin/sh;
			shellScript = "\"${SRCROOT}/Pods/Target Support Files/Pods-IVYRxPhotosTests/Pods-IVYRxPhotosTests-frameworks.sh\"\n";
			showEnvVarsInLog = 0;
		};
		6CB75F83FF5A817624C17F40 /* [CP] Check Pods Manifest.lock */ = {
			isa = PBXShellScriptBuildPhase;
			buildActionMask = 2147483647;
			files = (
			);
			inputPaths = (
				"${PODS_PODFILE_DIR_PATH}/Podfile.lock",
				"${PODS_ROOT}/Manifest.lock",
			);
			name = "[CP] Check Pods Manifest.lock";
			outputPaths = (
				"$(DERIVED_FILE_DIR)/Pods-IVYRxPhotosTests-checkManifestLockResult.txt",
			);
			runOnlyForDeploymentPostprocessing = 0;
			shellPath = /bin/sh;
			shellScript = "diff \"${PODS_PODFILE_DIR_PATH}/Podfile.lock\" \"${PODS_ROOT}/Manifest.lock\" > /dev/null\nif [ $? != 0 ] ; then\n    # print error to STDERR\n    echo \"error: The sandbox is not in sync with the Podfile.lock. Run 'pod install' or update your CocoaPods installation.\" >&2\n    exit 1\nfi\n# This output is used by Xcode 'outputs' to avoid re-running this script phase.\necho \"SUCCESS\" > \"${SCRIPT_OUTPUT_FILE_0}\"\n";
			showEnvVarsInLog = 0;
		};
		ECC9E848E9F816F5F08CF291 /* [CP] Check Pods Manifest.lock */ = {
			isa = PBXShellScriptBuildPhase;
			buildActionMask = 2147483647;
			files = (
			);
			inputPaths = (
				"${PODS_PODFILE_DIR_PATH}/Podfile.lock",
				"${PODS_ROOT}/Manifest.lock",
			);
			name = "[CP] Check Pods Manifest.lock";
			outputPaths = (
				"$(DERIVED_FILE_DIR)/Pods-IVYRxPhotos-checkManifestLockResult.txt",
			);
			runOnlyForDeploymentPostprocessing = 0;
			shellPath = /bin/sh;
			shellScript = "diff \"${PODS_PODFILE_DIR_PATH}/Podfile.lock\" \"${PODS_ROOT}/Manifest.lock\" > /dev/null\nif [ $? != 0 ] ; then\n    # print error to STDERR\n    echo \"error: The sandbox is not in sync with the Podfile.lock. Run 'pod install' or update your CocoaPods installation.\" >&2\n    exit 1\nfi\n# This output is used by Xcode 'outputs' to avoid re-running this script phase.\necho \"SUCCESS\" > \"${SCRIPT_OUTPUT_FILE_0}\"\n";
			showEnvVarsInLog = 0;
		};
		F22276B914352A47F933602C /* [CP] Copy Pods Resources */ = {
			isa = PBXShellScriptBuildPhase;
			buildActionMask = 2147483647;
			files = (
			);
			inputPaths = (
			);
			name = "[CP] Copy Pods Resources";
			outputPaths = (
			);
			runOnlyForDeploymentPostprocessing = 0;
			shellPath = /bin/sh;
			shellScript = "\"${SRCROOT}/Pods/Target Support Files/Pods-IVYRxPhotosTests/Pods-IVYRxPhotosTests-resources.sh\"\n";
			showEnvVarsInLog = 0;
		};
/* End PBXShellScriptBuildPhase section */

/* Begin PBXSourcesBuildPhase section */
		9622DADA1F60B6C200D6AE3D /* Sources */ = {
			isa = PBXSourcesBuildPhase;
			buildActionMask = 2147483647;
			files = (
				9622DB0C1F60BB9800D6AE3D /* SearchViewController.swift in Sources */,
				9622DB0E1F60BF0600D6AE3D /* SearchViewModel.swift in Sources */,
				9622DB171F60C81B00D6AE3D /* PhotoTableViewCell.swift in Sources */,
				9622DB071F60B93400D6AE3D /* Photo.swift in Sources */,
				9622DAEA1F60B6C200D6AE3D /* IVYRxPhotos.xcdatamodeld in Sources */,
				9622DAE21F60B6C200D6AE3D /* AppDelegate.swift in Sources */,
			);
			runOnlyForDeploymentPostprocessing = 0;
		};
		9622DAF11F60B6C200D6AE3D /* Sources */ = {
			isa = PBXSourcesBuildPhase;
			buildActionMask = 2147483647;
			files = (
				9622DAFA1F60B6C200D6AE3D /* IVYRxPhotosTests.swift in Sources */,
			);
			runOnlyForDeploymentPostprocessing = 0;
		};
/* End PBXSourcesBuildPhase section */

/* Begin PBXTargetDependency section */
		9622DAF71F60B6C200D6AE3D /* PBXTargetDependency */ = {
			isa = PBXTargetDependency;
			target = 9622DADD1F60B6C200D6AE3D /* IVYRxPhotos */;
			targetProxy = 9622DAF61F60B6C200D6AE3D /* PBXContainerItemProxy */;
		};
/* End PBXTargetDependency section */

/* Begin PBXVariantGroup section */
		9622DAE51F60B6C200D6AE3D /* Main.storyboard */ = {
			isa = PBXVariantGroup;
			children = (
				9622DAE61F60B6C200D6AE3D /* Base */,
			);
			name = Main.storyboard;
			sourceTree = "<group>";
		};
		9622DAED1F60B6C200D6AE3D /* LaunchScreen.storyboard */ = {
			isa = PBXVariantGroup;
			children = (
				9622DAEE1F60B6C200D6AE3D /* Base */,
			);
			name = LaunchScreen.storyboard;
			sourceTree = "<group>";
		};
/* End PBXVariantGroup section */

/* Begin XCBuildConfiguration section */
		9622DAFC1F60B6C200D6AE3D /* Debug */ = {
			isa = XCBuildConfiguration;
			buildSettings = {
				ALWAYS_SEARCH_USER_PATHS = NO;
				CLANG_ANALYZER_NONNULL = YES;
				CLANG_ANALYZER_NUMBER_OBJECT_CONVERSION = YES_AGGRESSIVE;
				CLANG_CXX_LANGUAGE_STANDARD = "gnu++0x";
				CLANG_CXX_LIBRARY = "libc++";
				CLANG_ENABLE_MODULES = YES;
				CLANG_ENABLE_OBJC_ARC = YES;
				CLANG_WARN_BOOL_CONVERSION = YES;
				CLANG_WARN_CONSTANT_CONVERSION = YES;
				CLANG_WARN_DIRECT_OBJC_ISA_USAGE = YES_ERROR;
				CLANG_WARN_DOCUMENTATION_COMMENTS = YES;
				CLANG_WARN_EMPTY_BODY = YES;
				CLANG_WARN_ENUM_CONVERSION = YES;
				CLANG_WARN_INFINITE_RECURSION = YES;
				CLANG_WARN_INT_CONVERSION = YES;
				CLANG_WARN_OBJC_ROOT_CLASS = YES_ERROR;
				CLANG_WARN_SUSPICIOUS_MOVE = YES;
				CLANG_WARN_UNREACHABLE_CODE = YES;
				CLANG_WARN__DUPLICATE_METHOD_MATCH = YES;
				"CODE_SIGN_IDENTITY[sdk=iphoneos*]" = "iPhone Developer";
				COPY_PHASE_STRIP = NO;
				DEBUG_INFORMATION_FORMAT = dwarf;
				ENABLE_STRICT_OBJC_MSGSEND = YES;
				ENABLE_TESTABILITY = YES;
				GCC_C_LANGUAGE_STANDARD = gnu99;
				GCC_DYNAMIC_NO_PIC = NO;
				GCC_NO_COMMON_BLOCKS = YES;
				GCC_OPTIMIZATION_LEVEL = 0;
				GCC_PREPROCESSOR_DEFINITIONS = (
					"DEBUG=1",
					"$(inherited)",
				);
				GCC_WARN_64_TO_32_BIT_CONVERSION = YES;
				GCC_WARN_ABOUT_RETURN_TYPE = YES_ERROR;
				GCC_WARN_UNDECLARED_SELECTOR = YES;
				GCC_WARN_UNINITIALIZED_AUTOS = YES_AGGRESSIVE;
				GCC_WARN_UNUSED_FUNCTION = YES;
				GCC_WARN_UNUSED_VARIABLE = YES;
				IPHONEOS_DEPLOYMENT_TARGET = 10.3;
				MTL_ENABLE_DEBUG_INFO = YES;
				ONLY_ACTIVE_ARCH = YES;
				SDKROOT = iphoneos;
				SWIFT_ACTIVE_COMPILATION_CONDITIONS = DEBUG;
				SWIFT_OPTIMIZATION_LEVEL = "-Onone";
			};
			name = Debug;
		};
		9622DAFD1F60B6C200D6AE3D /* Release */ = {
			isa = XCBuildConfiguration;
			buildSettings = {
				ALWAYS_SEARCH_USER_PATHS = NO;
				CLANG_ANALYZER_NONNULL = YES;
				CLANG_ANALYZER_NUMBER_OBJECT_CONVERSION = YES_AGGRESSIVE;
				CLANG_CXX_LANGUAGE_STANDARD = "gnu++0x";
				CLANG_CXX_LIBRARY = "libc++";
				CLANG_ENABLE_MODULES = YES;
				CLANG_ENABLE_OBJC_ARC = YES;
				CLANG_WARN_BOOL_CONVERSION = YES;
				CLANG_WARN_CONSTANT_CONVERSION = YES;
				CLANG_WARN_DIRECT_OBJC_ISA_USAGE = YES_ERROR;
				CLANG_WARN_DOCUMENTATION_COMMENTS = YES;
				CLANG_WARN_EMPTY_BODY = YES;
				CLANG_WARN_ENUM_CONVERSION = YES;
				CLANG_WARN_INFINITE_RECURSION = YES;
				CLANG_WARN_INT_CONVERSION = YES;
				CLANG_WARN_OBJC_ROOT_CLASS = YES_ERROR;
				CLANG_WARN_SUSPICIOUS_MOVE = YES;
				CLANG_WARN_UNREACHABLE_CODE = YES;
				CLANG_WARN__DUPLICATE_METHOD_MATCH = YES;
				"CODE_SIGN_IDENTITY[sdk=iphoneos*]" = "iPhone Developer";
				COPY_PHASE_STRIP = NO;
				DEBUG_INFORMATION_FORMAT = "dwarf-with-dsym";
				ENABLE_NS_ASSERTIONS = NO;
				ENABLE_STRICT_OBJC_MSGSEND = YES;
				GCC_C_LANGUAGE_STANDARD = gnu99;
				GCC_NO_COMMON_BLOCKS = YES;
				GCC_WARN_64_TO_32_BIT_CONVERSION = YES;
				GCC_WARN_ABOUT_RETURN_TYPE = YES_ERROR;
				GCC_WARN_UNDECLARED_SELECTOR = YES;
				GCC_WARN_UNINITIALIZED_AUTOS = YES_AGGRESSIVE;
				GCC_WARN_UNUSED_FUNCTION = YES;
				GCC_WARN_UNUSED_VARIABLE = YES;
				IPHONEOS_DEPLOYMENT_TARGET = 10.3;
				MTL_ENABLE_DEBUG_INFO = NO;
				SDKROOT = iphoneos;
				SWIFT_OPTIMIZATION_LEVEL = "-Owholemodule";
				VALIDATE_PRODUCT = YES;
			};
			name = Release;
		};
		9622DAFF1F60B6C200D6AE3D /* Debug */ = {
			isa = XCBuildConfiguration;
			baseConfigurationReference = DFD8A075053AF94B6E589431 /* Pods-IVYRxPhotos.debug.xcconfig */;
			buildSettings = {
				ASSETCATALOG_COMPILER_APPICON_NAME = AppIcon;
				DEVELOPMENT_TEAM = K8HU92W3ZM;
				INFOPLIST_FILE = IVYRxPhotos/Info.plist;
				LD_RUNPATH_SEARCH_PATHS = "$(inherited) @executable_path/Frameworks";
				PRODUCT_BUNDLE_IDENTIFIER = com.IVYRxPhotos;
				PRODUCT_NAME = "$(TARGET_NAME)";
				SWIFT_VERSION = 3.0;
			};
			name = Debug;
		};
		9622DB001F60B6C200D6AE3D /* Release */ = {
			isa = XCBuildConfiguration;
			baseConfigurationReference = 8BDDE37D56345D4BA30884FC /* Pods-IVYRxPhotos.release.xcconfig */;
			buildSettings = {
				ASSETCATALOG_COMPILER_APPICON_NAME = AppIcon;
				DEVELOPMENT_TEAM = K8HU92W3ZM;
				INFOPLIST_FILE = IVYRxPhotos/Info.plist;
				LD_RUNPATH_SEARCH_PATHS = "$(inherited) @executable_path/Frameworks";
				PRODUCT_BUNDLE_IDENTIFIER = com.IVYRxPhotos;
				PRODUCT_NAME = "$(TARGET_NAME)";
				SWIFT_VERSION = 3.0;
			};
			name = Release;
		};
		9622DB021F60B6C200D6AE3D /* Debug */ = {
			isa = XCBuildConfiguration;
			baseConfigurationReference = 751BC1AC58F488615106A0D7 /* Pods-IVYRxPhotosTests.debug.xcconfig */;
			buildSettings = {
				ALWAYS_EMBED_SWIFT_STANDARD_LIBRARIES = YES;
				BUNDLE_LOADER = "$(TEST_HOST)";
				DEVELOPMENT_TEAM = K8HU92W3ZM;
				INFOPLIST_FILE = IVYRxPhotosTests/Info.plist;
				LD_RUNPATH_SEARCH_PATHS = "$(inherited) @executable_path/Frameworks @loader_path/Frameworks";
				PRODUCT_BUNDLE_IDENTIFIER = com.IVYRxPhotosTests;
				PRODUCT_NAME = "$(TARGET_NAME)";
				SWIFT_VERSION = 3.0;
				TEST_HOST = "$(BUILT_PRODUCTS_DIR)/IVYRxPhotos.app/IVYRxPhotos";
			};
			name = Debug;
		};
		9622DB031F60B6C200D6AE3D /* Release */ = {
			isa = XCBuildConfiguration;
			baseConfigurationReference = 9CB353A85C1AC49892CA4FFF /* Pods-IVYRxPhotosTests.release.xcconfig */;
			buildSettings = {
				ALWAYS_EMBED_SWIFT_STANDARD_LIBRARIES = YES;
				BUNDLE_LOADER = "$(TEST_HOST)";
				DEVELOPMENT_TEAM = K8HU92W3ZM;
				INFOPLIST_FILE = IVYRxPhotosTests/Info.plist;
				LD_RUNPATH_SEARCH_PATHS = "$(inherited) @executable_path/Frameworks @loader_path/Frameworks";
				PRODUCT_BUNDLE_IDENTIFIER = com.IVYRxPhotosTests;
				PRODUCT_NAME = "$(TARGET_NAME)";
				SWIFT_VERSION = 3.0;
				TEST_HOST = "$(BUILT_PRODUCTS_DIR)/IVYRxPhotos.app/IVYRxPhotos";
			};
			name = Release;
		};
/* End XCBuildConfiguration section */

/* Begin XCConfigurationList section */
		9622DAD91F60B6C200D6AE3D /* Build configuration list for PBXProject "IVYRxPhotos" */ = {
			isa = XCConfigurationList;
			buildConfigurations = (
				9622DAFC1F60B6C200D6AE3D /* Debug */,
				9622DAFD1F60B6C200D6AE3D /* Release */,
			);
			defaultConfigurationIsVisible = 0;
			defaultConfigurationName = Release;
		};
		9622DAFE1F60B6C200D6AE3D /* Build configuration list for PBXNativeTarget "IVYRxPhotos" */ = {
			isa = XCConfigurationList;
			buildConfigurations = (
				9622DAFF1F60B6C200D6AE3D /* Debug */,
				9622DB001F60B6C200D6AE3D /* Release */,
			);
			defaultConfigurationIsVisible = 0;
			defaultConfigurationName = Release;
		};
		9622DB011F60B6C200D6AE3D /* Build configuration list for PBXNativeTarget "IVYRxPhotosTests" */ = {
			isa = XCConfigurationList;
			buildConfigurations = (
				9622DB021F60B6C200D6AE3D /* Debug */,
				9622DB031F60B6C200D6AE3D /* Release */,
			);
			defaultConfigurationIsVisible = 0;
			defaultConfigurationName = Release;
		};
/* End XCConfigurationList section */

/* Begin XCVersionGroup section */
		9622DAE81F60B6C200D6AE3D /* IVYRxPhotos.xcdatamodeld */ = {
			isa = XCVersionGroup;
			children = (
				9622DAE91F60B6C200D6AE3D /* IVYRxPhotos.xcdatamodel */,
			);
			currentVersion = 9622DAE91F60B6C200D6AE3D /* IVYRxPhotos.xcdatamodel */;
			path = IVYRxPhotos.xcdatamodeld;
			sourceTree = "<group>";
			versionGroupType = wrapper.xcdatamodel;
		};
/* End XCVersionGroup section */
	};
	rootObject = 9622DAD61F60B6C200D6AE3D /* Project object */;
}
